
Microsoft Visual Studio Solution File, Format Version 12.00
# Visual Studio Version 17
VisualStudioVersion = 17.6.33801.468
MinimumVisualStudioVersion = 10.0.40219.1
Project("{9A19103F-16F7-4668-BE54-9A1E7A4F7556}") = "Monster Extermination", "Monster Extermination\Monster Extermination.csproj", "{0D274781-E385-4998-965F-9B9534FEE505}"
EndProject
Project("{9A19103F-16F7-4668-BE54-9A1E7A4F7556}") = "Delivery Boy", "Delivery Boy\Delivery Boy.csproj", "{C8C056D7-7496-4814-9CEE-EA0127C488DE}"
EndProject
Project("{FAE04EC0-301F-11D3-BF4B-00C04F79EFBC}") = "VendingSystem", "VendingSystem\VendingSystem.csproj", "{5ADFFF65-B412-4247-B1C9-90B9EFE6AD43}"
EndProject
Global
	GlobalSection(SolutionConfigurationPlatforms) = preSolution
		Debug|Any CPU = Debug|Any CPU
		Release|Any CPU = Release|Any CPU
	EndGlobalSection
	GlobalSection(ProjectConfigurationPlatforms) = postSolution
		{0D274781-E385-4998-965F-9B9534FEE505}.Debug|Any CPU.ActiveCfg = Debug|Any CPU
		{0D274781-E385-4998-965F-9B9534FEE505}.Debug|Any CPU.Build.0 = Debug|Any CPU
		{0D274781-E385-4998-965F-9B9534FEE505}.Release|Any CPU.ActiveCfg = Release|Any CPU
		{0D274781-E385-4998-965F-9B9534FEE505}.Release|Any CPU.Build.0 = Release|Any CPU
		{C8C056D7-7496-4814-9CEE-EA0127C488DE}.Debug|Any CPU.ActiveCfg = Debug|Any CPU
		{C8C056D7-7496-4814-9CEE-EA0127C488DE}.Debug|Any CPU.Build.0 = Debug|Any CPU
		{C8C056D7-7496-4814-9CEE-EA0127C488DE}.Release|Any CPU.ActiveCfg = Release|Any CPU
		{C8C056D7-7496-4814-9CEE-EA0127C488DE}.Release|Any CPU.Build.0 = Release|Any CPU
		{5ADFFF65-B412-4247-B1C9-90B9EFE6AD43}.Debug|Any CPU.ActiveCfg = Debug|Any CPU
		{5ADFFF65-B412-4247-B1C9-90B9EFE6AD43}.Debug|Any CPU.Build.0 = Debug|Any CPU
		{5ADFFF65-B412-4247-B1C9-90B9EFE6AD43}.Release|Any CPU.ActiveCfg = Release|Any CPU
		{5ADFFF65-B412-4247-B1C9-90B9EFE6AD43}.Release|Any CPU.Build.0 = Release|Any CPU
	EndGlobalSection
	GlobalSection(SolutionProperties) = preSolution
		HideSolutionNode = FALSE
	EndGlobalSection
	GlobalSection(ExtensibilityGlobals) = postSolution
		SolutionGuid = {C296471F-E33B-4E1D-BE52-220DE12558AA}
	EndGlobalSection
EndGlobal
